
Microsoft Visual Studio Solution File, Format Version 12.00
# Visual Studio 15
VisualStudioVersion = 15.0.27703.2035
MinimumVisualStudioVersion = 10.0.40219.1
Project("{FAE04EC0-301F-11D3-BF4B-00C04F79EFBC}") = "testTeams", "testTeams\testTeams.csproj", "{67E6B29E-8A91-41F8-A100-8B17D5838ABF}"
EndProject
Global
	GlobalSection(SolutionConfigurationPlatforms) = preSolution
		Debug|Any CPU = Debug|Any CPU
		Release|Any CPU = Release|Any CPU
	EndGlobalSection
	GlobalSection(ProjectConfigurationPlatforms) = postSolution
		{67E6B29E-8A91-41F8-A100-8B17D5838ABF}.Debug|Any CPU.ActiveCfg = Debug|Any CPU
		{67E6B29E-8A91-41F8-A100-8B17D5838ABF}.Debug|Any CPU.Build.0 = Debug|Any CPU
		{67E6B29E-8A91-41F8-A100-8B17D5838ABF}.Release|Any CPU.ActiveCfg = Release|Any CPU
		{67E6B29E-8A91-41F8-A100-8B17D5838ABF}.Release|Any CPU.Build.0 = Release|Any CPU
	EndGlobalSection
	GlobalSection(SolutionProperties) = preSolution
		HideSolutionNode = FALSE
	EndGlobalSection
	GlobalSection(ExtensibilityGlobals) = postSolution
		SolutionGuid = {C7B462A0-9580-46E4-973C-3FB8FF795C03}
	EndGlobalSection
EndGlobal
